// !$*UTF8*$!
{
	archiveVersion = 1;
	classes = {
	};
	objectVersion = 51;
	objects = {

/* Begin PBXBuildFile section */
		8D77D61F6D9AA017901F2448 /* Pods_MovieDBViewerTests.framework in Frameworks */ = {isa = PBXBuildFile; fileRef = B9D7F2F38B858A1AC348A219 /* Pods_MovieDBViewerTests.framework */; };
		9A77A3B32409259879C54836 /* Pods_MovieDBViewer_MovieDBViewerUITests.framework in Frameworks */ = {isa = PBXBuildFile; fileRef = ECDCB661E320DBDC37632B19 /* Pods_MovieDBViewer_MovieDBViewerUITests.framework */; };
		AF2788AA253B1DE3007A61A7 /* MovieDBAPI.swift in Sources */ = {isa = PBXBuildFile; fileRef = AF2788A9253B1DE3007A61A7 /* MovieDBAPI.swift */; };
		AF2788B0253B1F4C007A61A7 /* ConfigurationDataHandler.swift in Sources */ = {isa = PBXBuildFile; fileRef = AF2788AF253B1F4C007A61A7 /* ConfigurationDataHandler.swift */; };
		AF2788C9253B3215007A61A7 /* Configuration.plist in Resources */ = {isa = PBXBuildFile; fileRef = AF2788C8253B3215007A61A7 /* Configuration.plist */; };
		AF2788D1253B3D8E007A61A7 /* PopularMoviesResponseObject.swift in Sources */ = {isa = PBXBuildFile; fileRef = AF2788D0253B3D8E007A61A7 /* PopularMoviesResponseObject.swift */; };
		AF2788D6253B3E9B007A61A7 /* MoviesAPICalls.swift in Sources */ = {isa = PBXBuildFile; fileRef = AF2788D5253B3E9B007A61A7 /* MoviesAPICalls.swift */; };
		AF2788E4253B4065007A61A7 /* SearchAPICalls.swift in Sources */ = {isa = PBXBuildFile; fileRef = AF2788E3253B4065007A61A7 /* SearchAPICalls.swift */; };
		AF2788F1253B4203007A61A7 /* MainPageViewController.xib in Resources */ = {isa = PBXBuildFile; fileRef = AF2788EF253B4203007A61A7 /* MainPageViewController.xib */; };
		AF2788F2253B4203007A61A7 /* MainPageViewController.swift in Sources */ = {isa = PBXBuildFile; fileRef = AF2788F0253B4203007A61A7 /* MainPageViewController.swift */; };
		AF278901253B7612007A61A7 /* PopularMoviesTableViewCell.xib in Resources */ = {isa = PBXBuildFile; fileRef = AF2788FF253B7612007A61A7 /* PopularMoviesTableViewCell.xib */; };
		AF278902253B7612007A61A7 /* PopularMoviesTableViewCell.swift in Sources */ = {isa = PBXBuildFile; fileRef = AF278900253B7612007A61A7 /* PopularMoviesTableViewCell.swift */; };
		AF278907253B8098007A61A7 /* GenreResponseObject.swift in Sources */ = {isa = PBXBuildFile; fileRef = AF278906253B8098007A61A7 /* GenreResponseObject.swift */; };
		AF27890C253B8104007A61A7 /* GenreAPICalls.swift in Sources */ = {isa = PBXBuildFile; fileRef = AF27890B253B8104007A61A7 /* GenreAPICalls.swift */; };
		AF278911253B84D3007A61A7 /* GenreDataHandler.swift in Sources */ = {isa = PBXBuildFile; fileRef = AF278910253B84D3007A61A7 /* GenreDataHandler.swift */; };
		AF278917253BA8CF007A61A7 /* MovieDetailViewController.xib in Resources */ = {isa = PBXBuildFile; fileRef = AF278915253BA8CF007A61A7 /* MovieDetailViewController.xib */; };
		AF278918253BA8CF007A61A7 /* MovieDetailViewController.swift in Sources */ = {isa = PBXBuildFile; fileRef = AF278916253BA8CF007A61A7 /* MovieDetailViewController.swift */; };
		AF27891F253C42C3007A61A7 /* LandingPageViewController.xib in Resources */ = {isa = PBXBuildFile; fileRef = AF27891D253C42C3007A61A7 /* LandingPageViewController.xib */; };
		AF278920253C42C3007A61A7 /* LandingPageViewController.swift in Sources */ = {isa = PBXBuildFile; fileRef = AF27891E253C42C3007A61A7 /* LandingPageViewController.swift */; };
		AF278931253C7571007A61A7 /* StringExtensions.swift in Sources */ = {isa = PBXBuildFile; fileRef = AF278930253C7571007A61A7 /* StringExtensions.swift */; };
		AF278938253C855B007A61A7 /* SearchViewController.xib in Resources */ = {isa = PBXBuildFile; fileRef = AF278936253C855A007A61A7 /* SearchViewController.xib */; };
		AF278939253C855B007A61A7 /* SearchViewController.swift in Sources */ = {isa = PBXBuildFile; fileRef = AF278937253C855A007A61A7 /* SearchViewController.swift */; };
		AF278946253C94DF007A61A7 /* XibInstantiable.swift in Sources */ = {isa = PBXBuildFile; fileRef = AF278945253C94DF007A61A7 /* XibInstantiable.swift */; };
		AF278957253CB8DE007A61A7 /* MultiTypeResponseObject.swift in Sources */ = {isa = PBXBuildFile; fileRef = AF278956253CB8DE007A61A7 /* MultiTypeResponseObject.swift */; };
		AF27895C253CDB58007A61A7 /* DecodableClassFamily.swift in Sources */ = {isa = PBXBuildFile; fileRef = AF27895B253CDB58007A61A7 /* DecodableClassFamily.swift */; };
		AF404217253A4CE00041DEBB /* AppDelegate.swift in Sources */ = {isa = PBXBuildFile; fileRef = AF404216253A4CE00041DEBB /* AppDelegate.swift */; };
		AF40421B253A4CE00041DEBB /* ViewController.swift in Sources */ = {isa = PBXBuildFile; fileRef = AF40421A253A4CE00041DEBB /* ViewController.swift */; };
		AF40421E253A4CE00041DEBB /* Main.storyboard in Resources */ = {isa = PBXBuildFile; fileRef = AF40421C253A4CE00041DEBB /* Main.storyboard */; };
		AF404220253A4CE10041DEBB /* Assets.xcassets in Resources */ = {isa = PBXBuildFile; fileRef = AF40421F253A4CE10041DEBB /* Assets.xcassets */; };
		AF404223253A4CE10041DEBB /* LaunchScreen.storyboard in Resources */ = {isa = PBXBuildFile; fileRef = AF404221253A4CE10041DEBB /* LaunchScreen.storyboard */; };
		AF40422E253A4CE20041DEBB /* MovieDBViewerTests.swift in Sources */ = {isa = PBXBuildFile; fileRef = AF40422D253A4CE20041DEBB /* MovieDBViewerTests.swift */; };
		AF404239253A4CE20041DEBB /* MovieDBViewerUITests.swift in Sources */ = {isa = PBXBuildFile; fileRef = AF404238253A4CE20041DEBB /* MovieDBViewerUITests.swift */; };
		E33EA6F5452A090138050CA4 /* Pods_MovieDBViewer.framework in Frameworks */ = {isa = PBXBuildFile; fileRef = 952CC523EA5477E05ED2DB6F /* Pods_MovieDBViewer.framework */; };
/* End PBXBuildFile section */

/* Begin PBXContainerItemProxy section */
		AF40422A253A4CE20041DEBB /* PBXContainerItemProxy */ = {
			isa = PBXContainerItemProxy;
			containerPortal = AF40420B253A4CDF0041DEBB /* Project object */;
			proxyType = 1;
			remoteGlobalIDString = AF404212253A4CE00041DEBB;
			remoteInfo = MovieDBViewer;
		};
		AF404235253A4CE20041DEBB /* PBXContainerItemProxy */ = {
			isa = PBXContainerItemProxy;
			containerPortal = AF40420B253A4CDF0041DEBB /* Project object */;
			proxyType = 1;
			remoteGlobalIDString = AF404212253A4CE00041DEBB;
			remoteInfo = MovieDBViewer;
		};
/* End PBXContainerItemProxy section */

/* Begin PBXFileReference section */
		150321446271050F67F0D46C /* Pods-MovieDBViewer-MovieDBViewerUITests.debug.xcconfig */ = {isa = PBXFileReference; includeInIndex = 1; lastKnownFileType = text.xcconfig; name = "Pods-MovieDBViewer-MovieDBViewerUITests.debug.xcconfig"; path = "Target Support Files/Pods-MovieDBViewer-MovieDBViewerUITests/Pods-MovieDBViewer-MovieDBViewerUITests.debug.xcconfig"; sourceTree = "<group>"; };
		1C6AD13989E7AE6481C4C2E2 /* Pods-MovieDBViewerTests.debug.xcconfig */ = {isa = PBXFileReference; includeInIndex = 1; lastKnownFileType = text.xcconfig; name = "Pods-MovieDBViewerTests.debug.xcconfig"; path = "Target Support Files/Pods-MovieDBViewerTests/Pods-MovieDBViewerTests.debug.xcconfig"; sourceTree = "<group>"; };
		508C50BD18E753DA8C146962 /* Pods-MovieDBViewer-MovieDBViewerUITests.release.xcconfig */ = {isa = PBXFileReference; includeInIndex = 1; lastKnownFileType = text.xcconfig; name = "Pods-MovieDBViewer-MovieDBViewerUITests.release.xcconfig"; path = "Target Support Files/Pods-MovieDBViewer-MovieDBViewerUITests/Pods-MovieDBViewer-MovieDBViewerUITests.release.xcconfig"; sourceTree = "<group>"; };
		9015316B3F083D07B0848A83 /* Pods-MovieDBViewer.debug.xcconfig */ = {isa = PBXFileReference; includeInIndex = 1; lastKnownFileType = text.xcconfig; name = "Pods-MovieDBViewer.debug.xcconfig"; path = "Target Support Files/Pods-MovieDBViewer/Pods-MovieDBViewer.debug.xcconfig"; sourceTree = "<group>"; };
		952CC523EA5477E05ED2DB6F /* Pods_MovieDBViewer.framework */ = {isa = PBXFileReference; explicitFileType = wrapper.framework; includeInIndex = 0; path = Pods_MovieDBViewer.framework; sourceTree = BUILT_PRODUCTS_DIR; };
		9E7F9B39F68106A4A17BC1F8 /* Pods-MovieDBViewerTests.release.xcconfig */ = {isa = PBXFileReference; includeInIndex = 1; lastKnownFileType = text.xcconfig; name = "Pods-MovieDBViewerTests.release.xcconfig"; path = "Target Support Files/Pods-MovieDBViewerTests/Pods-MovieDBViewerTests.release.xcconfig"; sourceTree = "<group>"; };
		AF2788A9253B1DE3007A61A7 /* MovieDBAPI.swift */ = {isa = PBXFileReference; lastKnownFileType = sourcecode.swift; path = MovieDBAPI.swift; sourceTree = "<group>"; };
		AF2788AF253B1F4C007A61A7 /* ConfigurationDataHandler.swift */ = {isa = PBXFileReference; lastKnownFileType = sourcecode.swift; path = ConfigurationDataHandler.swift; sourceTree = "<group>"; };
		AF2788C8253B3215007A61A7 /* Configuration.plist */ = {isa = PBXFileReference; lastKnownFileType = text.plist.xml; path = Configuration.plist; sourceTree = "<group>"; };
		AF2788D0253B3D8E007A61A7 /* PopularMoviesResponseObject.swift */ = {isa = PBXFileReference; lastKnownFileType = sourcecode.swift; path = PopularMoviesResponseObject.swift; sourceTree = "<group>"; };
		AF2788D5253B3E9B007A61A7 /* MoviesAPICalls.swift */ = {isa = PBXFileReference; lastKnownFileType = sourcecode.swift; path = MoviesAPICalls.swift; sourceTree = "<group>"; };
		AF2788E3253B4065007A61A7 /* SearchAPICalls.swift */ = {isa = PBXFileReference; lastKnownFileType = sourcecode.swift; path = SearchAPICalls.swift; sourceTree = "<group>"; };
		AF2788EF253B4203007A61A7 /* MainPageViewController.xib */ = {isa = PBXFileReference; lastKnownFileType = file.xib; path = MainPageViewController.xib; sourceTree = "<group>"; };
		AF2788F0253B4203007A61A7 /* MainPageViewController.swift */ = {isa = PBXFileReference; lastKnownFileType = sourcecode.swift; path = MainPageViewController.swift; sourceTree = "<group>"; };
		AF2788F6253B43F7007A61A7 /* Info.plist */ = {isa = PBXFileReference; fileEncoding = 4; lastKnownFileType = text.plist.xml; path = Info.plist; sourceTree = "<group>"; };
		AF2788FF253B7612007A61A7 /* PopularMoviesTableViewCell.xib */ = {isa = PBXFileReference; lastKnownFileType = file.xib; path = PopularMoviesTableViewCell.xib; sourceTree = "<group>"; };
		AF278900253B7612007A61A7 /* PopularMoviesTableViewCell.swift */ = {isa = PBXFileReference; lastKnownFileType = sourcecode.swift; path = PopularMoviesTableViewCell.swift; sourceTree = "<group>"; };
		AF278906253B8098007A61A7 /* GenreResponseObject.swift */ = {isa = PBXFileReference; lastKnownFileType = sourcecode.swift; path = GenreResponseObject.swift; sourceTree = "<group>"; };
		AF27890B253B8104007A61A7 /* GenreAPICalls.swift */ = {isa = PBXFileReference; lastKnownFileType = sourcecode.swift; path = GenreAPICalls.swift; sourceTree = "<group>"; };
		AF278910253B84D3007A61A7 /* GenreDataHandler.swift */ = {isa = PBXFileReference; lastKnownFileType = sourcecode.swift; path = GenreDataHandler.swift; sourceTree = "<group>"; };
		AF278915253BA8CF007A61A7 /* MovieDetailViewController.xib */ = {isa = PBXFileReference; lastKnownFileType = file.xib; path = MovieDetailViewController.xib; sourceTree = "<group>"; };
		AF278916253BA8CF007A61A7 /* MovieDetailViewController.swift */ = {isa = PBXFileReference; lastKnownFileType = sourcecode.swift; path = MovieDetailViewController.swift; sourceTree = "<group>"; };
		AF27891D253C42C3007A61A7 /* LandingPageViewController.xib */ = {isa = PBXFileReference; lastKnownFileType = file.xib; path = LandingPageViewController.xib; sourceTree = "<group>"; };
		AF27891E253C42C3007A61A7 /* LandingPageViewController.swift */ = {isa = PBXFileReference; lastKnownFileType = sourcecode.swift; path = LandingPageViewController.swift; sourceTree = "<group>"; };
		AF278930253C7571007A61A7 /* StringExtensions.swift */ = {isa = PBXFileReference; lastKnownFileType = sourcecode.swift; path = StringExtensions.swift; sourceTree = "<group>"; };
		AF278936253C855A007A61A7 /* SearchViewController.xib */ = {isa = PBXFileReference; lastKnownFileType = file.xib; path = SearchViewController.xib; sourceTree = "<group>"; };
		AF278937253C855A007A61A7 /* SearchViewController.swift */ = {isa = PBXFileReference; lastKnownFileType = sourcecode.swift; path = SearchViewController.swift; sourceTree = "<group>"; };
		AF278945253C94DF007A61A7 /* XibInstantiable.swift */ = {isa = PBXFileReference; lastKnownFileType = sourcecode.swift; path = XibInstantiable.swift; sourceTree = "<group>"; };
		AF278956253CB8DE007A61A7 /* MultiTypeResponseObject.swift */ = {isa = PBXFileReference; lastKnownFileType = sourcecode.swift; path = MultiTypeResponseObject.swift; sourceTree = "<group>"; };
		AF27895B253CDB58007A61A7 /* DecodableClassFamily.swift */ = {isa = PBXFileReference; lastKnownFileType = sourcecode.swift; path = DecodableClassFamily.swift; sourceTree = "<group>"; };
		AF404213253A4CE00041DEBB /* MovieDBViewer.app */ = {isa = PBXFileReference; explicitFileType = wrapper.application; includeInIndex = 0; path = MovieDBViewer.app; sourceTree = BUILT_PRODUCTS_DIR; };
		AF404216253A4CE00041DEBB /* AppDelegate.swift */ = {isa = PBXFileReference; lastKnownFileType = sourcecode.swift; path = AppDelegate.swift; sourceTree = "<group>"; };
		AF40421A253A4CE00041DEBB /* ViewController.swift */ = {isa = PBXFileReference; lastKnownFileType = sourcecode.swift; path = ViewController.swift; sourceTree = "<group>"; };
		AF40421D253A4CE00041DEBB /* Base */ = {isa = PBXFileReference; lastKnownFileType = file.storyboard; name = Base; path = Base.lproj/Main.storyboard; sourceTree = "<group>"; };
		AF40421F253A4CE10041DEBB /* Assets.xcassets */ = {isa = PBXFileReference; lastKnownFileType = folder.assetcatalog; path = Assets.xcassets; sourceTree = "<group>"; };
		AF404222253A4CE10041DEBB /* Base */ = {isa = PBXFileReference; lastKnownFileType = file.storyboard; name = Base; path = Base.lproj/LaunchScreen.storyboard; sourceTree = "<group>"; };
		AF404229253A4CE20041DEBB /* MovieDBViewerTests.xctest */ = {isa = PBXFileReference; explicitFileType = wrapper.cfbundle; includeInIndex = 0; path = MovieDBViewerTests.xctest; sourceTree = BUILT_PRODUCTS_DIR; };
		AF40422D253A4CE20041DEBB /* MovieDBViewerTests.swift */ = {isa = PBXFileReference; lastKnownFileType = sourcecode.swift; path = MovieDBViewerTests.swift; sourceTree = "<group>"; };
		AF40422F253A4CE20041DEBB /* Info.plist */ = {isa = PBXFileReference; lastKnownFileType = text.plist.xml; path = Info.plist; sourceTree = "<group>"; };
		AF404234253A4CE20041DEBB /* MovieDBViewerUITests.xctest */ = {isa = PBXFileReference; explicitFileType = wrapper.cfbundle; includeInIndex = 0; path = MovieDBViewerUITests.xctest; sourceTree = BUILT_PRODUCTS_DIR; };
		AF404238253A4CE20041DEBB /* MovieDBViewerUITests.swift */ = {isa = PBXFileReference; lastKnownFileType = sourcecode.swift; path = MovieDBViewerUITests.swift; sourceTree = "<group>"; };
		AF40423A253A4CE20041DEBB /* Info.plist */ = {isa = PBXFileReference; lastKnownFileType = text.plist.xml; path = Info.plist; sourceTree = "<group>"; };
		B65DD4D70463F0B19187333D /* Pods-MovieDBViewer.release.xcconfig */ = {isa = PBXFileReference; includeInIndex = 1; lastKnownFileType = text.xcconfig; name = "Pods-MovieDBViewer.release.xcconfig"; path = "Target Support Files/Pods-MovieDBViewer/Pods-MovieDBViewer.release.xcconfig"; sourceTree = "<group>"; };
		B9D7F2F38B858A1AC348A219 /* Pods_MovieDBViewerTests.framework */ = {isa = PBXFileReference; explicitFileType = wrapper.framework; includeInIndex = 0; path = Pods_MovieDBViewerTests.framework; sourceTree = BUILT_PRODUCTS_DIR; };
		ECDCB661E320DBDC37632B19 /* Pods_MovieDBViewer_MovieDBViewerUITests.framework */ = {isa = PBXFileReference; explicitFileType = wrapper.framework; includeInIndex = 0; path = Pods_MovieDBViewer_MovieDBViewerUITests.framework; sourceTree = BUILT_PRODUCTS_DIR; };
/* End PBXFileReference section */

/* Begin PBXFrameworksBuildPhase section */
		AF404210253A4CE00041DEBB /* Frameworks */ = {
			isa = PBXFrameworksBuildPhase;
			buildActionMask = 2147483647;
			files = (
				E33EA6F5452A090138050CA4 /* Pods_MovieDBViewer.framework in Frameworks */,
			);
			runOnlyForDeploymentPostprocessing = 0;
		};
		AF404226253A4CE20041DEBB /* Frameworks */ = {
			isa = PBXFrameworksBuildPhase;
			buildActionMask = 2147483647;
			files = (
				8D77D61F6D9AA017901F2448 /* Pods_MovieDBViewerTests.framework in Frameworks */,
			);
			runOnlyForDeploymentPostprocessing = 0;
		};
		AF404231253A4CE20041DEBB /* Frameworks */ = {
			isa = PBXFrameworksBuildPhase;
			buildActionMask = 2147483647;
			files = (
				9A77A3B32409259879C54836 /* Pods_MovieDBViewer_MovieDBViewerUITests.framework in Frameworks */,
			);
			runOnlyForDeploymentPostprocessing = 0;
		};
/* End PBXFrameworksBuildPhase section */

/* Begin PBXGroup section */
		316BF51109212BDD2AEEAB1B /* Frameworks */ = {
			isa = PBXGroup;
			children = (
				952CC523EA5477E05ED2DB6F /* Pods_MovieDBViewer.framework */,
				ECDCB661E320DBDC37632B19 /* Pods_MovieDBViewer_MovieDBViewerUITests.framework */,
				B9D7F2F38B858A1AC348A219 /* Pods_MovieDBViewerTests.framework */,
			);
			name = Frameworks;
			sourceTree = "<group>";
		};
		40F137EF578E796D76E41BAA /* Pods */ = {
			isa = PBXGroup;
			children = (
				9015316B3F083D07B0848A83 /* Pods-MovieDBViewer.debug.xcconfig */,
				B65DD4D70463F0B19187333D /* Pods-MovieDBViewer.release.xcconfig */,
				150321446271050F67F0D46C /* Pods-MovieDBViewer-MovieDBViewerUITests.debug.xcconfig */,
				508C50BD18E753DA8C146962 /* Pods-MovieDBViewer-MovieDBViewerUITests.release.xcconfig */,
				1C6AD13989E7AE6481C4C2E2 /* Pods-MovieDBViewerTests.debug.xcconfig */,
				9E7F9B39F68106A4A17BC1F8 /* Pods-MovieDBViewerTests.release.xcconfig */,
			);
			path = Pods;
			sourceTree = "<group>";
		};
		AF2788A4253B1B80007A61A7 /* API */ = {
			isa = PBXGroup;
			children = (
				AF2788EE253B4099007A61A7 /* Response Objects */,
				AF2788E2253B3F08007A61A7 /* API Callers */,
				AF2788A9253B1DE3007A61A7 /* MovieDBAPI.swift */,
			);
			path = API;
			sourceTree = "<group>";
		};
		AF2788A5253B1B9D007A61A7 /* Main Flow */ = {
			isa = PBXGroup;
			children = (
				AF278935253C84AD007A61A7 /* SearchView */,
				AF2788FE253B7493007A61A7 /* TableViewCells */,
				AF2788EF253B4203007A61A7 /* MainPageViewController.xib */,
				AF2788F0253B4203007A61A7 /* MainPageViewController.swift */,
				AF278915253BA8CF007A61A7 /* MovieDetailViewController.xib */,
				AF278916253BA8CF007A61A7 /* MovieDetailViewController.swift */,
			);
			path = "Main Flow";
			sourceTree = "<group>";
		};
		AF2788AE253B1E58007A61A7 /* DataHandlers */ = {
			isa = PBXGroup;
			children = (
				AF2788AF253B1F4C007A61A7 /* ConfigurationDataHandler.swift */,
				AF278910253B84D3007A61A7 /* GenreDataHandler.swift */,
			);
			path = DataHandlers;
			sourceTree = "<group>";
		};
		AF2788BF253B3165007A61A7 /* Configuration */ = {
			isa = PBXGroup;
			children = (
				AF2788C8253B3215007A61A7 /* Configuration.plist */,
			);
			path = Configuration;
			sourceTree = "<group>";
		};
		AF2788E2253B3F08007A61A7 /* API Callers */ = {
			isa = PBXGroup;
			children = (
				AF2788D5253B3E9B007A61A7 /* MoviesAPICalls.swift */,
				AF2788E3253B4065007A61A7 /* SearchAPICalls.swift */,
				AF27890B253B8104007A61A7 /* GenreAPICalls.swift */,
			);
			path = "API Callers";
			sourceTree = "<group>";
		};
		AF2788EE253B4099007A61A7 /* Response Objects */ = {
			isa = PBXGroup;
			children = (
				AF2788D0253B3D8E007A61A7 /* PopularMoviesResponseObject.swift */,
				AF278906253B8098007A61A7 /* GenreResponseObject.swift */,
				AF278956253CB8DE007A61A7 /* MultiTypeResponseObject.swift */,
			);
			path = "Response Objects";
			sourceTree = "<group>";
		};
		AF2788FE253B7493007A61A7 /* TableViewCells */ = {
			isa = PBXGroup;
			children = (
				AF2788FF253B7612007A61A7 /* PopularMoviesTableViewCell.xib */,
				AF278900253B7612007A61A7 /* PopularMoviesTableViewCell.swift */,
			);
			path = TableViewCells;
			sourceTree = "<group>";
		};
		AF27891C253C424E007A61A7 /* Landing Flow */ = {
			isa = PBXGroup;
			children = (
				AF27891D253C42C3007A61A7 /* LandingPageViewController.xib */,
				AF27891E253C42C3007A61A7 /* LandingPageViewController.swift */,
			);
			path = "Landing Flow";
			sourceTree = "<group>";
		};
		AF27892F253C754E007A61A7 /* Extensions */ = {
			isa = PBXGroup;
			children = (
				AF278930253C7571007A61A7 /* StringExtensions.swift */,
				AF278945253C94DF007A61A7 /* XibInstantiable.swift */,
				AF27895B253CDB58007A61A7 /* DecodableClassFamily.swift */,
			);
			path = Extensions;
			sourceTree = "<group>";
		};
		AF278935253C84AD007A61A7 /* SearchView */ = {
			isa = PBXGroup;
			children = (
				AF278936253C855A007A61A7 /* SearchViewController.xib */,
				AF278937253C855A007A61A7 /* SearchViewController.swift */,
			);
			path = SearchView;
			sourceTree = "<group>";
		};
		AF40420A253A4CDF0041DEBB = {
			isa = PBXGroup;
			children = (
				AF404215253A4CE00041DEBB /* MovieDBViewer */,
				AF40422C253A4CE20041DEBB /* MovieDBViewerTests */,
				AF404237253A4CE20041DEBB /* MovieDBViewerUITests */,
				AF404214253A4CE00041DEBB /* Products */,
				40F137EF578E796D76E41BAA /* Pods */,
				316BF51109212BDD2AEEAB1B /* Frameworks */,
			);
			sourceTree = "<group>";
		};
		AF404214253A4CE00041DEBB /* Products */ = {
			isa = PBXGroup;
			children = (
				AF404213253A4CE00041DEBB /* MovieDBViewer.app */,
				AF404229253A4CE20041DEBB /* MovieDBViewerTests.xctest */,
				AF404234253A4CE20041DEBB /* MovieDBViewerUITests.xctest */,
			);
			name = Products;
			sourceTree = "<group>";
		};
		AF404215253A4CE00041DEBB /* MovieDBViewer */ = {
			isa = PBXGroup;
			children = (
				AF27892F253C754E007A61A7 /* Extensions */,
				AF27891C253C424E007A61A7 /* Landing Flow */,
				AF2788BF253B3165007A61A7 /* Configuration */,
				AF2788AE253B1E58007A61A7 /* DataHandlers */,
				AF2788A5253B1B9D007A61A7 /* Main Flow */,
				AF2788A4253B1B80007A61A7 /* API */,
				AF404216253A4CE00041DEBB /* AppDelegate.swift */,
				AF40421A253A4CE00041DEBB /* ViewController.swift */,
				AF40421C253A4CE00041DEBB /* Main.storyboard */,
				AF2788F6253B43F7007A61A7 /* Info.plist */,
				AF40421F253A4CE10041DEBB /* Assets.xcassets */,
				AF404221253A4CE10041DEBB /* LaunchScreen.storyboard */,
			);
			path = MovieDBViewer;
			sourceTree = "<group>";
		};
		AF40422C253A4CE20041DEBB /* MovieDBViewerTests */ = {
			isa = PBXGroup;
			children = (
				AF40422D253A4CE20041DEBB /* MovieDBViewerTests.swift */,
				AF40422F253A4CE20041DEBB /* Info.plist */,
			);
			path = MovieDBViewerTests;
			sourceTree = "<group>";
		};
		AF404237253A4CE20041DEBB /* MovieDBViewerUITests */ = {
			isa = PBXGroup;
			children = (
				AF404238253A4CE20041DEBB /* MovieDBViewerUITests.swift */,
				AF40423A253A4CE20041DEBB /* Info.plist */,
			);
			path = MovieDBViewerUITests;
			sourceTree = "<group>";
		};
/* End PBXGroup section */

/* Begin PBXNativeTarget section */
		AF404212253A4CE00041DEBB /* MovieDBViewer */ = {
			isa = PBXNativeTarget;
			buildConfigurationList = AF40423D253A4CE20041DEBB /* Build configuration list for PBXNativeTarget "MovieDBViewer" */;
			buildPhases = (
				572AA8C654E32DC0028DDD0F /* [CP] Check Pods Manifest.lock */,
				AF40420F253A4CE00041DEBB /* Sources */,
				AF404210253A4CE00041DEBB /* Frameworks */,
				AF404211253A4CE00041DEBB /* Resources */,
				E1D53C728F7425F38D1DAA80 /* [CP] Embed Pods Frameworks */,
			);
			buildRules = (
			);
			dependencies = (
			);
			name = MovieDBViewer;
			productName = MovieDBViewer;
			productReference = AF404213253A4CE00041DEBB /* MovieDBViewer.app */;
			productType = "com.apple.product-type.application";
		};
		AF404228253A4CE20041DEBB /* MovieDBViewerTests */ = {
			isa = PBXNativeTarget;
			buildConfigurationList = AF404240253A4CE20041DEBB /* Build configuration list for PBXNativeTarget "MovieDBViewerTests" */;
			buildPhases = (
				C67AFC273302551A2FC58CED /* [CP] Check Pods Manifest.lock */,
				AF404225253A4CE20041DEBB /* Sources */,
				AF404226253A4CE20041DEBB /* Frameworks */,
				AF404227253A4CE20041DEBB /* Resources */,
			);
			buildRules = (
			);
			dependencies = (
				AF40422B253A4CE20041DEBB /* PBXTargetDependency */,
			);
			name = MovieDBViewerTests;
			productName = MovieDBViewerTests;
			productReference = AF404229253A4CE20041DEBB /* MovieDBViewerTests.xctest */;
			productType = "com.apple.product-type.bundle.unit-test";
		};
		AF404233253A4CE20041DEBB /* MovieDBViewerUITests */ = {
			isa = PBXNativeTarget;
			buildConfigurationList = AF404243253A4CE20041DEBB /* Build configuration list for PBXNativeTarget "MovieDBViewerUITests" */;
			buildPhases = (
				E87C8B9434376E7134FA94B8 /* [CP] Check Pods Manifest.lock */,
				AF404230253A4CE20041DEBB /* Sources */,
				AF404231253A4CE20041DEBB /* Frameworks */,
				AF404232253A4CE20041DEBB /* Resources */,
				6E98DB746A1859E4A7472E55 /* [CP] Embed Pods Frameworks */,
			);
			buildRules = (
			);
			dependencies = (
				AF404236253A4CE20041DEBB /* PBXTargetDependency */,
			);
			name = MovieDBViewerUITests;
			productName = MovieDBViewerUITests;
			productReference = AF404234253A4CE20041DEBB /* MovieDBViewerUITests.xctest */;
			productType = "com.apple.product-type.bundle.ui-testing";
		};
/* End PBXNativeTarget section */

/* Begin PBXProject section */
		AF40420B253A4CDF0041DEBB /* Project object */ = {
			isa = PBXProject;
			attributes = {
				LastSwiftUpdateCheck = 1200;
				LastUpgradeCheck = 1200;
				TargetAttributes = {
					AF404212253A4CE00041DEBB = {
						CreatedOnToolsVersion = 12.0.1;
					};
					AF404228253A4CE20041DEBB = {
						CreatedOnToolsVersion = 12.0.1;
						TestTargetID = AF404212253A4CE00041DEBB;
					};
					AF404233253A4CE20041DEBB = {
						CreatedOnToolsVersion = 12.0.1;
						TestTargetID = AF404212253A4CE00041DEBB;
					};
				};
			};
			buildConfigurationList = AF40420E253A4CE00041DEBB /* Build configuration list for PBXProject "MovieDBViewer" */;
			compatibilityVersion = "Xcode 9.3";
			developmentRegion = en;
			hasScannedForEncodings = 0;
			knownRegions = (
				en,
				Base,
			);
			mainGroup = AF40420A253A4CDF0041DEBB;
			productRefGroup = AF404214253A4CE00041DEBB /* Products */;
			projectDirPath = "";
			projectRoot = "";
			targets = (
				AF404212253A4CE00041DEBB /* MovieDBViewer */,
				AF404228253A4CE20041DEBB /* MovieDBViewerTests */,
				AF404233253A4CE20041DEBB /* MovieDBViewerUITests */,
			);
		};
/* End PBXProject section */

/* Begin PBXResourcesBuildPhase section */
		AF404211253A4CE00041DEBB /* Resources */ = {
			isa = PBXResourcesBuildPhase;
			buildActionMask = 2147483647;
			files = (
				AF278917253BA8CF007A61A7 /* MovieDetailViewController.xib in Resources */,
				AF278901253B7612007A61A7 /* PopularMoviesTableViewCell.xib in Resources */,
				AF404223253A4CE10041DEBB /* LaunchScreen.storyboard in Resources */,
				AF2788C9253B3215007A61A7 /* Configuration.plist in Resources */,
				AF404220253A4CE10041DEBB /* Assets.xcassets in Resources */,
				AF278938253C855B007A61A7 /* SearchViewController.xib in Resources */,
				AF40421E253A4CE00041DEBB /* Main.storyboard in Resources */,
				AF2788F1253B4203007A61A7 /* MainPageViewController.xib in Resources */,
				AF27891F253C42C3007A61A7 /* LandingPageViewController.xib in Resources */,
			);
			runOnlyForDeploymentPostprocessing = 0;
		};
		AF404227253A4CE20041DEBB /* Resources */ = {
			isa = PBXResourcesBuildPhase;
			buildActionMask = 2147483647;
			files = (
			);
			runOnlyForDeploymentPostprocessing = 0;
		};
		AF404232253A4CE20041DEBB /* Resources */ = {
			isa = PBXResourcesBuildPhase;
			buildActionMask = 2147483647;
			files = (
			);
			runOnlyForDeploymentPostprocessing = 0;
		};
/* End PBXResourcesBuildPhase section */

/* Begin PBXShellScriptBuildPhase section */
		572AA8C654E32DC0028DDD0F /* [CP] Check Pods Manifest.lock */ = {
			isa = PBXShellScriptBuildPhase;
			buildActionMask = 2147483647;
			files = (
			);
			inputFileListPaths = (
			);
			inputPaths = (
				"${PODS_PODFILE_DIR_PATH}/Podfile.lock",
				"${PODS_ROOT}/Manifest.lock",
			);
			name = "[CP] Check Pods Manifest.lock";
			outputFileListPaths = (
			);
			outputPaths = (
				"$(DERIVED_FILE_DIR)/Pods-MovieDBViewer-checkManifestLockResult.txt",
			);
			runOnlyForDeploymentPostprocessing = 0;
			shellPath = /bin/sh;
			shellScript = "diff \"${PODS_PODFILE_DIR_PATH}/Podfile.lock\" \"${PODS_ROOT}/Manifest.lock\" > /dev/null\nif [ $? != 0 ] ; then\n    # print error to STDERR\n    echo \"error: The sandbox is not in sync with the Podfile.lock. Run 'pod install' or update your CocoaPods installation.\" >&2\n    exit 1\nfi\n# This output is used by Xcode 'outputs' to avoid re-running this script phase.\necho \"SUCCESS\" > \"${SCRIPT_OUTPUT_FILE_0}\"\n";
			showEnvVarsInLog = 0;
		};
		6E98DB746A1859E4A7472E55 /* [CP] Embed Pods Frameworks */ = {
			isa = PBXShellScriptBuildPhase;
			buildActionMask = 2147483647;
			files = (
			);
			inputFileListPaths = (
				"${PODS_ROOT}/Target Support Files/Pods-MovieDBViewer-MovieDBViewerUITests/Pods-MovieDBViewer-MovieDBViewerUITests-frameworks-${CONFIGURATION}-input-files.xcfilelist",
			);
			name = "[CP] Embed Pods Frameworks";
			outputFileListPaths = (
				"${PODS_ROOT}/Target Support Files/Pods-MovieDBViewer-MovieDBViewerUITests/Pods-MovieDBViewer-MovieDBViewerUITests-frameworks-${CONFIGURATION}-output-files.xcfilelist",
			);
			runOnlyForDeploymentPostprocessing = 0;
			shellPath = /bin/sh;
			shellScript = "\"${PODS_ROOT}/Target Support Files/Pods-MovieDBViewer-MovieDBViewerUITests/Pods-MovieDBViewer-MovieDBViewerUITests-frameworks.sh\"\n";
			showEnvVarsInLog = 0;
		};
		C67AFC273302551A2FC58CED /* [CP] Check Pods Manifest.lock */ = {
			isa = PBXShellScriptBuildPhase;
			buildActionMask = 2147483647;
			files = (
			);
			inputFileListPaths = (
			);
			inputPaths = (
				"${PODS_PODFILE_DIR_PATH}/Podfile.lock",
				"${PODS_ROOT}/Manifest.lock",
			);
			name = "[CP] Check Pods Manifest.lock";
			outputFileListPaths = (
			);
			outputPaths = (
				"$(DERIVED_FILE_DIR)/Pods-MovieDBViewerTests-checkManifestLockResult.txt",
			);
			runOnlyForDeploymentPostprocessing = 0;
			shellPath = /bin/sh;
			shellScript = "diff \"${PODS_PODFILE_DIR_PATH}/Podfile.lock\" \"${PODS_ROOT}/Manifest.lock\" > /dev/null\nif [ $? != 0 ] ; then\n    # print error to STDERR\n    echo \"error: The sandbox is not in sync with the Podfile.lock. Run 'pod install' or update your CocoaPods installation.\" >&2\n    exit 1\nfi\n# This output is used by Xcode 'outputs' to avoid re-running this script phase.\necho \"SUCCESS\" > \"${SCRIPT_OUTPUT_FILE_0}\"\n";
			showEnvVarsInLog = 0;
		};
		E1D53C728F7425F38D1DAA80 /* [CP] Embed Pods Frameworks */ = {
			isa = PBXShellScriptBuildPhase;
			buildActionMask = 2147483647;
			files = (
			);
			inputFileListPaths = (
				"${PODS_ROOT}/Target Support Files/Pods-MovieDBViewer/Pods-MovieDBViewer-frameworks-${CONFIGURATION}-input-files.xcfilelist",
			);
			name = "[CP] Embed Pods Frameworks";
			outputFileListPaths = (
				"${PODS_ROOT}/Target Support Files/Pods-MovieDBViewer/Pods-MovieDBViewer-frameworks-${CONFIGURATION}-output-files.xcfilelist",
			);
			runOnlyForDeploymentPostprocessing = 0;
			shellPath = /bin/sh;
			shellScript = "\"${PODS_ROOT}/Target Support Files/Pods-MovieDBViewer/Pods-MovieDBViewer-frameworks.sh\"\n";
			showEnvVarsInLog = 0;
		};
		E87C8B9434376E7134FA94B8 /* [CP] Check Pods Manifest.lock */ = {
			isa = PBXShellScriptBuildPhase;
			buildActionMask = 2147483647;
			files = (
			);
			inputFileListPaths = (
			);
			inputPaths = (
				"${PODS_PODFILE_DIR_PATH}/Podfile.lock",
				"${PODS_ROOT}/Manifest.lock",
			);
			name = "[CP] Check Pods Manifest.lock";
			outputFileListPaths = (
			);
			outputPaths = (
				"$(DERIVED_FILE_DIR)/Pods-MovieDBViewer-MovieDBViewerUITests-checkManifestLockResult.txt",
			);
			runOnlyForDeploymentPostprocessing = 0;
			shellPath = /bin/sh;
			shellScript = "diff \"${PODS_PODFILE_DIR_PATH}/Podfile.lock\" \"${PODS_ROOT}/Manifest.lock\" > /dev/null\nif [ $? != 0 ] ; then\n    # print error to STDERR\n    echo \"error: The sandbox is not in sync with the Podfile.lock. Run 'pod install' or update your CocoaPods installation.\" >&2\n    exit 1\nfi\n# This output is used by Xcode 'outputs' to avoid re-running this script phase.\necho \"SUCCESS\" > \"${SCRIPT_OUTPUT_FILE_0}\"\n";
			showEnvVarsInLog = 0;
		};
/* End PBXShellScriptBuildPhase section */

/* Begin PBXSourcesBuildPhase section */
		AF40420F253A4CE00041DEBB /* Sources */ = {
			isa = PBXSourcesBuildPhase;
			buildActionMask = 2147483647;
			files = (
				AF2788F2253B4203007A61A7 /* MainPageViewController.swift in Sources */,
				AF278907253B8098007A61A7 /* GenreResponseObject.swift in Sources */,
				AF278946253C94DF007A61A7 /* XibInstantiable.swift in Sources */,
				AF278911253B84D3007A61A7 /* GenreDataHandler.swift in Sources */,
				AF278902253B7612007A61A7 /* PopularMoviesTableViewCell.swift in Sources */,
				AF278918253BA8CF007A61A7 /* MovieDetailViewController.swift in Sources */,
				AF2788D1253B3D8E007A61A7 /* PopularMoviesResponseObject.swift in Sources */,
				AF2788E4253B4065007A61A7 /* SearchAPICalls.swift in Sources */,
				AF2788AA253B1DE3007A61A7 /* MovieDBAPI.swift in Sources */,
				AF2788B0253B1F4C007A61A7 /* ConfigurationDataHandler.swift in Sources */,
				AF278920253C42C3007A61A7 /* LandingPageViewController.swift in Sources */,
				AF278939253C855B007A61A7 /* SearchViewController.swift in Sources */,
				AF40421B253A4CE00041DEBB /* ViewController.swift in Sources */,
				AF27895C253CDB58007A61A7 /* DecodableClassFamily.swift in Sources */,
				AF404217253A4CE00041DEBB /* AppDelegate.swift in Sources */,
				AF278931253C7571007A61A7 /* StringExtensions.swift in Sources */,
				AF27890C253B8104007A61A7 /* GenreAPICalls.swift in Sources */,
				AF2788D6253B3E9B007A61A7 /* MoviesAPICalls.swift in Sources */,
				AF278957253CB8DE007A61A7 /* MultiTypeResponseObject.swift in Sources */,
			);
			runOnlyForDeploymentPostprocessing = 0;
		};
		AF404225253A4CE20041DEBB /* Sources */ = {
			isa = PBXSourcesBuildPhase;
			buildActionMask = 2147483647;
			files = (
				AF40422E253A4CE20041DEBB /* MovieDBViewerTests.swift in Sources */,
			);
			runOnlyForDeploymentPostprocessing = 0;
		};
		AF404230253A4CE20041DEBB /* Sources */ = {
			isa = PBXSourcesBuildPhase;
			buildActionMask = 2147483647;
			files = (
				AF404239253A4CE20041DEBB /* MovieDBViewerUITests.swift in Sources */,
			);
			runOnlyForDeploymentPostprocessing = 0;
		};
/* End PBXSourcesBuildPhase section */

/* Begin PBXTargetDependency section */
		AF40422B253A4CE20041DEBB /* PBXTargetDependency */ = {
			isa = PBXTargetDependency;
			target = AF404212253A4CE00041DEBB /* MovieDBViewer */;
			targetProxy = AF40422A253A4CE20041DEBB /* PBXContainerItemProxy */;
		};
		AF404236253A4CE20041DEBB /* PBXTargetDependency */ = {
			isa = PBXTargetDependency;
			target = AF404212253A4CE00041DEBB /* MovieDBViewer */;
			targetProxy = AF404235253A4CE20041DEBB /* PBXContainerItemProxy */;
		};
/* End PBXTargetDependency section */

/* Begin PBXVariantGroup section */
		AF40421C253A4CE00041DEBB /* Main.storyboard */ = {
			isa = PBXVariantGroup;
			children = (
				AF40421D253A4CE00041DEBB /* Base */,
			);
			name = Main.storyboard;
			sourceTree = "<group>";
		};
		AF404221253A4CE10041DEBB /* LaunchScreen.storyboard */ = {
			isa = PBXVariantGroup;
			children = (
				AF404222253A4CE10041DEBB /* Base */,
			);
			name = LaunchScreen.storyboard;
			sourceTree = "<group>";
		};
/* End PBXVariantGroup section */

/* Begin XCBuildConfiguration section */
		AF40423B253A4CE20041DEBB /* Debug */ = {
			isa = XCBuildConfiguration;
			buildSettings = {
				ALWAYS_SEARCH_USER_PATHS = NO;
				CLANG_ANALYZER_NONNULL = YES;
				CLANG_ANALYZER_NUMBER_OBJECT_CONVERSION = YES_AGGRESSIVE;
				CLANG_CXX_LANGUAGE_STANDARD = "gnu++14";
				CLANG_CXX_LIBRARY = "libc++";
				CLANG_ENABLE_MODULES = YES;
				CLANG_ENABLE_OBJC_ARC = YES;
				CLANG_ENABLE_OBJC_WEAK = YES;
				CLANG_WARN_BLOCK_CAPTURE_AUTORELEASING = YES;
				CLANG_WARN_BOOL_CONVERSION = YES;
				CLANG_WARN_COMMA = YES;
				CLANG_WARN_CONSTANT_CONVERSION = YES;
				CLANG_WARN_DEPRECATED_OBJC_IMPLEMENTATIONS = YES;
				CLANG_WARN_DIRECT_OBJC_ISA_USAGE = YES_ERROR;
				CLANG_WARN_DOCUMENTATION_COMMENTS = YES;
				CLANG_WARN_EMPTY_BODY = YES;
				CLANG_WARN_ENUM_CONVERSION = YES;
				CLANG_WARN_INFINITE_RECURSION = YES;
				CLANG_WARN_INT_CONVERSION = YES;
				CLANG_WARN_NON_LITERAL_NULL_CONVERSION = YES;
				CLANG_WARN_OBJC_IMPLICIT_RETAIN_SELF = YES;
				CLANG_WARN_OBJC_LITERAL_CONVERSION = YES;
				CLANG_WARN_OBJC_ROOT_CLASS = YES_ERROR;
				CLANG_WARN_QUOTED_INCLUDE_IN_FRAMEWORK_HEADER = YES;
				CLANG_WARN_RANGE_LOOP_ANALYSIS = YES;
				CLANG_WARN_STRICT_PROTOTYPES = YES;
				CLANG_WARN_SUSPICIOUS_MOVE = YES;
				CLANG_WARN_UNGUARDED_AVAILABILITY = YES_AGGRESSIVE;
				CLANG_WARN_UNREACHABLE_CODE = YES;
				CLANG_WARN__DUPLICATE_METHOD_MATCH = YES;
				COPY_PHASE_STRIP = NO;
				DEBUG_INFORMATION_FORMAT = dwarf;
				ENABLE_STRICT_OBJC_MSGSEND = YES;
				ENABLE_TESTABILITY = YES;
				GCC_C_LANGUAGE_STANDARD = gnu11;
				GCC_DYNAMIC_NO_PIC = NO;
				GCC_NO_COMMON_BLOCKS = YES;
				GCC_OPTIMIZATION_LEVEL = 0;
				GCC_PREPROCESSOR_DEFINITIONS = (
					"DEBUG=1",
					"$(inherited)",
				);
				GCC_WARN_64_TO_32_BIT_CONVERSION = YES;
				GCC_WARN_ABOUT_RETURN_TYPE = YES_ERROR;
				GCC_WARN_UNDECLARED_SELECTOR = YES;
				GCC_WARN_UNINITIALIZED_AUTOS = YES_AGGRESSIVE;
				GCC_WARN_UNUSED_FUNCTION = YES;
				GCC_WARN_UNUSED_VARIABLE = YES;
				IPHONEOS_DEPLOYMENT_TARGET = 10.0;
				MTL_ENABLE_DEBUG_INFO = INCLUDE_SOURCE;
				MTL_FAST_MATH = YES;
				ONLY_ACTIVE_ARCH = YES;
				SDKROOT = iphoneos;
				SWIFT_ACTIVE_COMPILATION_CONDITIONS = DEBUG;
				SWIFT_OPTIMIZATION_LEVEL = "-Onone";
			};
			name = Debug;
		};
		AF40423C253A4CE20041DEBB /* Release */ = {
			isa = XCBuildConfiguration;
			buildSettings = {
				ALWAYS_SEARCH_USER_PATHS = NO;
				CLANG_ANALYZER_NONNULL = YES;
				CLANG_ANALYZER_NUMBER_OBJECT_CONVERSION = YES_AGGRESSIVE;
				CLANG_CXX_LANGUAGE_STANDARD = "gnu++14";
				CLANG_CXX_LIBRARY = "libc++";
				CLANG_ENABLE_MODULES = YES;
				CLANG_ENABLE_OBJC_ARC = YES;
				CLANG_ENABLE_OBJC_WEAK = YES;
				CLANG_WARN_BLOCK_CAPTURE_AUTORELEASING = YES;
				CLANG_WARN_BOOL_CONVERSION = YES;
				CLANG_WARN_COMMA = YES;
				CLANG_WARN_CONSTANT_CONVERSION = YES;
				CLANG_WARN_DEPRECATED_OBJC_IMPLEMENTATIONS = YES;
				CLANG_WARN_DIRECT_OBJC_ISA_USAGE = YES_ERROR;
				CLANG_WARN_DOCUMENTATION_COMMENTS = YES;
				CLANG_WARN_EMPTY_BODY = YES;
				CLANG_WARN_ENUM_CONVERSION = YES;
				CLANG_WARN_INFINITE_RECURSION = YES;
				CLANG_WARN_INT_CONVERSION = YES;
				CLANG_WARN_NON_LITERAL_NULL_CONVERSION = YES;
				CLANG_WARN_OBJC_IMPLICIT_RETAIN_SELF = YES;
				CLANG_WARN_OBJC_LITERAL_CONVERSION = YES;
				CLANG_WARN_OBJC_ROOT_CLASS = YES_ERROR;
				CLANG_WARN_QUOTED_INCLUDE_IN_FRAMEWORK_HEADER = YES;
				CLANG_WARN_RANGE_LOOP_ANALYSIS = YES;
				CLANG_WARN_STRICT_PROTOTYPES = YES;
				CLANG_WARN_SUSPICIOUS_MOVE = YES;
				CLANG_WARN_UNGUARDED_AVAILABILITY = YES_AGGRESSIVE;
				CLANG_WARN_UNREACHABLE_CODE = YES;
				CLANG_WARN__DUPLICATE_METHOD_MATCH = YES;
				COPY_PHASE_STRIP = NO;
				DEBUG_INFORMATION_FORMAT = "dwarf-with-dsym";
				ENABLE_NS_ASSERTIONS = NO;
				ENABLE_STRICT_OBJC_MSGSEND = YES;
				GCC_C_LANGUAGE_STANDARD = gnu11;
				GCC_NO_COMMON_BLOCKS = YES;
				GCC_WARN_64_TO_32_BIT_CONVERSION = YES;
				GCC_WARN_ABOUT_RETURN_TYPE = YES_ERROR;
				GCC_WARN_UNDECLARED_SELECTOR = YES;
				GCC_WARN_UNINITIALIZED_AUTOS = YES_AGGRESSIVE;
				GCC_WARN_UNUSED_FUNCTION = YES;
				GCC_WARN_UNUSED_VARIABLE = YES;
				IPHONEOS_DEPLOYMENT_TARGET = 10.0;
				MTL_ENABLE_DEBUG_INFO = NO;
				MTL_FAST_MATH = YES;
				SDKROOT = iphoneos;
				SWIFT_COMPILATION_MODE = wholemodule;
				SWIFT_OPTIMIZATION_LEVEL = "-O";
				VALIDATE_PRODUCT = YES;
			};
			name = Release;
		};
		AF40423E253A4CE20041DEBB /* Debug */ = {
			isa = XCBuildConfiguration;
			baseConfigurationReference = 9015316B3F083D07B0848A83 /* Pods-MovieDBViewer.debug.xcconfig */;
			buildSettings = {
				ASSETCATALOG_COMPILER_APPICON_NAME = AppIcon;
				ASSETCATALOG_COMPILER_GLOBAL_ACCENT_COLOR_NAME = AccentColor;
				CODE_SIGN_STYLE = Automatic;
				INFOPLIST_FILE = MovieDBViewer/Info.plist;
				LD_RUNPATH_SEARCH_PATHS = (
					"$(inherited)",
					"@executable_path/Frameworks",
				);
				PRODUCT_BUNDLE_IDENTIFIER = com.arda.MovieDBViewer;
				PRODUCT_NAME = "$(TARGET_NAME)";
				SWIFT_VERSION = 5.0;
				TARGETED_DEVICE_FAMILY = "1,2";
			};
			name = Debug;
		};
		AF40423F253A4CE20041DEBB /* Release */ = {
			isa = XCBuildConfiguration;
			baseConfigurationReference = B65DD4D70463F0B19187333D /* Pods-MovieDBViewer.release.xcconfig */;
			buildSettings = {
				ASSETCATALOG_COMPILER_APPICON_NAME = AppIcon;
				ASSETCATALOG_COMPILER_GLOBAL_ACCENT_COLOR_NAME = AccentColor;
				CODE_SIGN_STYLE = Automatic;
				INFOPLIST_FILE = MovieDBViewer/Info.plist;
				LD_RUNPATH_SEARCH_PATHS = (
					"$(inherited)",
					"@executable_path/Frameworks",
				);
				PRODUCT_BUNDLE_IDENTIFIER = com.arda.MovieDBViewer;
				PRODUCT_NAME = "$(TARGET_NAME)";
				SWIFT_VERSION = 5.0;
				TARGETED_DEVICE_FAMILY = "1,2";
			};
			name = Release;
		};
		AF404241253A4CE20041DEBB /* Debug */ = {
			isa = XCBuildConfiguration;
			baseConfigurationReference = 1C6AD13989E7AE6481C4C2E2 /* Pods-MovieDBViewerTests.debug.xcconfig */;
			buildSettings = {
				ALWAYS_EMBED_SWIFT_STANDARD_LIBRARIES = YES;
				BUNDLE_LOADER = "$(TEST_HOST)";
				CODE_SIGN_STYLE = Automatic;
				INFOPLIST_FILE = MovieDBViewerTests/Info.plist;
				IPHONEOS_DEPLOYMENT_TARGET = 14.0;
				LD_RUNPATH_SEARCH_PATHS = (
					"$(inherited)",
					"@executable_path/Frameworks",
					"@loader_path/Frameworks",
				);
				PRODUCT_BUNDLE_IDENTIFIER = com.arda.MovieDBViewerTests;
				PRODUCT_NAME = "$(TARGET_NAME)";
				SWIFT_VERSION = 5.0;
				TARGETED_DEVICE_FAMILY = "1,2";
				TEST_HOST = "$(BUILT_PRODUCTS_DIR)/MovieDBViewer.app/MovieDBViewer";
			};
			name = Debug;
		};
		AF404242253A4CE20041DEBB /* Release */ = {
			isa = XCBuildConfiguration;
			baseConfigurationReference = 9E7F9B39F68106A4A17BC1F8 /* Pods-MovieDBViewerTests.release.xcconfig */;
			buildSettings = {
				ALWAYS_EMBED_SWIFT_STANDARD_LIBRARIES = YES;
				BUNDLE_LOADER = "$(TEST_HOST)";
				CODE_SIGN_STYLE = Automatic;
				INFOPLIST_FILE = MovieDBViewerTests/Info.plist;
				IPHONEOS_DEPLOYMENT_TARGET = 14.0;
				LD_RUNPATH_SEARCH_PATHS = (
					"$(inherited)",
					"@executable_path/Frameworks",
					"@loader_path/Frameworks",
				);
				PRODUCT_BUNDLE_IDENTIFIER = com.arda.MovieDBViewerTests;
				PRODUCT_NAME = "$(TARGET_NAME)";
				SWIFT_VERSION = 5.0;
				TARGETED_DEVICE_FAMILY = "1,2";
				TEST_HOST = "$(BUILT_PRODUCTS_DIR)/MovieDBViewer.app/MovieDBViewer";
			};
			name = Release;
		};
		AF404244253A4CE20041DEBB /* Debug */ = {
			isa = XCBuildConfiguration;
			baseConfigurationReference = 150321446271050F67F0D46C /* Pods-MovieDBViewer-MovieDBViewerUITests.debug.xcconfig */;
			buildSettings = {
				ALWAYS_EMBED_SWIFT_STANDARD_LIBRARIES = YES;
				CODE_SIGN_STYLE = Automatic;
				INFOPLIST_FILE = MovieDBViewerUITests/Info.plist;
				LD_RUNPATH_SEARCH_PATHS = (
					"$(inherited)",
					"@executable_path/Frameworks",
					"@loader_path/Frameworks",
				);
				PRODUCT_BUNDLE_IDENTIFIER = com.arda.MovieDBViewerUITests;
				PRODUCT_NAME = "$(TARGET_NAME)";
				SWIFT_VERSION = 5.0;
				TARGETED_DEVICE_FAMILY = "1,2";
				TEST_TARGET_NAME = MovieDBViewer;
			};
			name = Debug;
		};
		AF404245253A4CE20041DEBB /* Release */ = {
			isa = XCBuildConfiguration;
			baseConfigurationReference = 508C50BD18E753DA8C146962 /* Pods-MovieDBViewer-MovieDBViewerUITests.release.xcconfig */;
			buildSettings = {
				ALWAYS_EMBED_SWIFT_STANDARD_LIBRARIES = YES;
				CODE_SIGN_STYLE = Automatic;
				INFOPLIST_FILE = MovieDBViewerUITests/Info.plist;
				LD_RUNPATH_SEARCH_PATHS = (
					"$(inherited)",
					"@executable_path/Frameworks",
					"@loader_path/Frameworks",
				);
				PRODUCT_BUNDLE_IDENTIFIER = com.arda.MovieDBViewerUITests;
				PRODUCT_NAME = "$(TARGET_NAME)";
				SWIFT_VERSION = 5.0;
				TARGETED_DEVICE_FAMILY = "1,2";
				TEST_TARGET_NAME = MovieDBViewer;
			};
			name = Release;
		};
/* End XCBuildConfiguration section */

/* Begin XCConfigurationList section */
		AF40420E253A4CE00041DEBB /* Build configuration list for PBXProject "MovieDBViewer" */ = {
			isa = XCConfigurationList;
			buildConfigurations = (
				AF40423B253A4CE20041DEBB /* Debug */,
				AF40423C253A4CE20041DEBB /* Release */,
			);
			defaultConfigurationIsVisible = 0;
			defaultConfigurationName = Release;
		};
		AF40423D253A4CE20041DEBB /* Build configuration list for PBXNativeTarget "MovieDBViewer" */ = {
			isa = XCConfigurationList;
			buildConfigurations = (
				AF40423E253A4CE20041DEBB /* Debug */,
				AF40423F253A4CE20041DEBB /* Release */,
			);
			defaultConfigurationIsVisible = 0;
			defaultConfigurationName = Release;
		};
		AF404240253A4CE20041DEBB /* Build configuration list for PBXNativeTarget "MovieDBViewerTests" */ = {
			isa = XCConfigurationList;
			buildConfigurations = (
				AF404241253A4CE20041DEBB /* Debug */,
				AF404242253A4CE20041DEBB /* Release */,
			);
			defaultConfigurationIsVisible = 0;
			defaultConfigurationName = Release;
		};
		AF404243253A4CE20041DEBB /* Build configuration list for PBXNativeTarget "MovieDBViewerUITests" */ = {
			isa = XCConfigurationList;
			buildConfigurations = (
				AF404244253A4CE20041DEBB /* Debug */,
				AF404245253A4CE20041DEBB /* Release */,
			);
			defaultConfigurationIsVisible = 0;
			defaultConfigurationName = Release;
		};
/* End XCConfigurationList section */
	};
	rootObject = AF40420B253A4CDF0041DEBB /* Project object */;
}
